{
  "projects": [
    {
      "projectId": "6sLF4jL9fG9cRZGNCHJDct",
      "version": "latest",
      "dependencies": {},
      "lang": "ts",
      "fileLocks": [
        {
          "type": "globalVariant",
          "assetId": "SVFCne9i6CXU",
          "checksum": "ffd39316213348589d0713f9e3d32d2f"
        },
        {
          "assetId": "6sLF4jL9fG9cRZGNCHJDct",
          "type": "projectCss",
          "checksum": "8ca863081dd77a11cd6544897f5c9076"
        },
        {
          "type": "renderModule",
          "assetId": "f-Bg79oXGSI4",
          "checksum": "ae54e60e85e832ecd1516941827505f3"
        },
        {
          "type": "cssRules",
          "assetId": "f-Bg79oXGSI4",
          "checksum": "ae54e60e85e832ecd1516941827505f3"
        },
        {
          "type": "renderModule",
          "assetId": "mmVyVDUOP1mW",
          "checksum": "86bb0b4e6c93ce6651de9ec61e61c50b"
        },
        {
          "type": "cssRules",
          "assetId": "mmVyVDUOP1mW",
          "checksum": "86bb0b4e6c93ce6651de9ec61e61c50b"
        },
        {
          "type": "renderModule",
          "assetId": "thHP_e-vqtZr",
          "checksum": "64555a0a76b768ae3270f740b9ace38a"
        },
        {
          "type": "cssRules",
          "assetId": "thHP_e-vqtZr",
          "checksum": "64555a0a76b768ae3270f740b9ace38a"
        },
        {
          "type": "renderModule",
          "assetId": "IJxXxfpIqlWa",
          "checksum": "5614dc2f254182ec2762cada431685bc"
        },
        {
          "type": "cssRules",
          "assetId": "IJxXxfpIqlWa",
          "checksum": "5614dc2f254182ec2762cada431685bc"
        },
        {
          "type": "renderModule",
          "assetId": "4hxZNrh6Brv5",
          "checksum": "98b2d6e3544787d0b66bbb454e8ede26"
        },
        {
          "type": "cssRules",
          "assetId": "4hxZNrh6Brv5",
          "checksum": "98b2d6e3544787d0b66bbb454e8ede26"
        },
        {
          "type": "renderModule",
          "assetId": "LtAntJGw-RtW",
          "checksum": "5301c26d78944222f9e04bb958099eb1"
        },
        {
          "type": "cssRules",
          "assetId": "LtAntJGw-RtW",
          "checksum": "5301c26d78944222f9e04bb958099eb1"
        },
        {
          "type": "renderModule",
          "assetId": "ftzlsPZ8TRwE",
          "checksum": "55f600a7552ebbd5284743b3f95e6777"
        },
        {
          "type": "cssRules",
          "assetId": "ftzlsPZ8TRwE",
          "checksum": "55f600a7552ebbd5284743b3f95e6777"
        },
        {
          "type": "renderModule",
          "assetId": "RzyFPKRdWXe9",
          "checksum": "4a0cdd7652bfb73e9da4fd925c9d1b67"
        },
        {
          "type": "cssRules",
          "assetId": "RzyFPKRdWXe9",
          "checksum": "4a0cdd7652bfb73e9da4fd925c9d1b67"
        },
        {
          "type": "renderModule",
          "assetId": "wOfZ3aO2NKVB",
          "checksum": "49339f1386b1212b5fb66bfcf40acf8e"
        },
        {
          "type": "cssRules",
          "assetId": "wOfZ3aO2NKVB",
          "checksum": "49339f1386b1212b5fb66bfcf40acf8e"
        },
        {
          "type": "renderModule",
          "assetId": "rOTxkK6IxvJV",
          "checksum": "666ed2ade7f47aeb370d2bad5bae9504"
        },
        {
          "type": "cssRules",
          "assetId": "rOTxkK6IxvJV",
          "checksum": "666ed2ade7f47aeb370d2bad5bae9504"
        },
        {
          "type": "renderModule",
          "assetId": "w17PIyjbmmf8",
          "checksum": "63f89349f53c77a70d6c18e7ffc541a3"
        },
        {
          "type": "cssRules",
          "assetId": "w17PIyjbmmf8",
          "checksum": "63f89349f53c77a70d6c18e7ffc541a3"
        },
        {
          "type": "icon",
          "assetId": "kBQxptXyULmj",
          "checksum": "b793c4056ecf76e68656e1b41f0c61ac"
        },
        {
          "type": "icon",
          "assetId": "E-Y8Xau6QwZ4",
          "checksum": "60e95df52577035e68ed0039cebe9122"
        },
        {
          "type": "icon",
          "assetId": "Vuh2x2FaGxAX",
          "checksum": "44e55106051ec256f9d6a2b7d3b13f26"
        },
        {
          "type": "icon",
          "assetId": "fwsYyuhGeAoN",
          "checksum": "8932c521faed6525c92ec10dcd6e0c5e"
        },
        {
          "type": "icon",
          "assetId": "KAU-lxfrcb5n",
          "checksum": "87dd1211dcf865f419f50b1a05866268"
        },
        {
          "type": "icon",
          "assetId": "Ceg6hBlf9QgJ",
          "checksum": "7a1659353e56ae634a28d7d3ac2f4c74"
        },
        {
          "type": "icon",
          "assetId": "7nzJz3a_JZx1",
          "checksum": "271ee05ae90430a0e331d2cce7d9d797"
        },
        {
          "type": "icon",
          "assetId": "ioGA182YcNxK",
          "checksum": "ed408aae3d59c3bee4b414682ba0cc35"
        },
        {
          "type": "icon",
          "assetId": "pJsg4Ol9FU3O",
          "checksum": "a53ad7b951cbcd7a0efe8fd64494d5a9"
        },
        {
          "type": "image",
          "assetId": "vGRcQozzmVvo",
          "checksum": "2d14b8c732f4e366fbb01b54bb1455c6"
        },
        {
          "type": "image",
          "assetId": "7FrKS8FbWyaw",
          "checksum": "e4bee0ad8c5aa02e077f0be202951515"
        },
        {
          "type": "image",
          "assetId": "UxbWi0YqnK0Y",
          "checksum": "4526647131a65f68a42fbb390b735254"
        },
        {
          "type": "image",
          "assetId": "eMjebh33Irtv",
          "checksum": "ff4c430d09f539d36f47595bbbb06f55"
        },
        {
          "type": "image",
          "assetId": "Z0FSTAO90F0_",
          "checksum": "241af77bbc8ebd7884e9446d68b73338"
        },
        {
          "type": "image",
          "assetId": "DIBCEbg-YmeQ",
          "checksum": "401b96aadf4489d6ca4a7d14c0b85200"
        },
        {
          "type": "image",
          "assetId": "JLquAI8_7C3Y",
          "checksum": "b5cbae9de040ba17fa45c84131bf78ce"
        },
        {
          "type": "image",
          "assetId": "yIkVBowU3g8O",
          "checksum": "fbdf332ae95111960c22917c963770d8"
        },
        {
          "type": "image",
          "assetId": "4F4ULFdcX_Og",
          "checksum": "ec90bce015e665de0ad599d6c14f6ce0"
        },
        {
          "type": "image",
          "assetId": "BKaMArSqJtZg",
          "checksum": "0f627fd8e7a84dea9c75df90ee182fd6"
        },
        {
          "type": "image",
          "assetId": "D3HWg-8yXWKt",
          "checksum": "c2d3818338b86d1e5286f6b78675875a"
        },
        {
          "type": "image",
          "assetId": "IAyl97aSyHjm",
          "checksum": "8c0775734451c156774fee73b7e021b1"
        },
        {
          "type": "image",
          "assetId": "NSQc43Z1zbVk",
          "checksum": "0fe6521ec4b108f2447c51235778d25e"
        },
        {
          "type": "image",
          "assetId": "R7JAj2WtjLgw",
          "checksum": "256db8e202eaa55cd1d6c722eacb4dea"
        },
        {
          "type": "image",
          "assetId": "3UhfeYWsFXzj",
          "checksum": "88854877ec28d468909a8e5897c76afa"
        },
        {
          "type": "image",
          "assetId": "ZibmeiOYSiNS",
          "checksum": "69f5a4d236cd2b1656afd325efd12461"
        },
        {
          "type": "image",
          "assetId": "guzd5YGA4P_X",
          "checksum": "177072e6cdd4f6fef4e1598299e414f5"
        },
        {
          "type": "image",
          "assetId": "KdmSpy7Q8lUy",
          "checksum": "39b784e235e26a24e0b07addb7c1e107"
        },
        {
          "type": "image",
          "assetId": "jY0CkKc33wZq",
          "checksum": "97c284437d2af1ab3ff6fb8102339599"
        },
        {
          "type": "image",
          "assetId": "YGTsHCB19HGH",
          "checksum": "a0ba9a58bf180f270160e6a0c25858b6"
        },
        {
          "type": "image",
          "assetId": "J_JniJ6WRrU3",
          "checksum": "c8e17640e522bf605cf8e4fd66099b8d"
        },
        {
          "type": "image",
          "assetId": "EyLQHaKsrVmV",
          "checksum": "78f39153447106df9825f232a0a2476e"
        },
        {
          "type": "image",
          "assetId": "ohRthaMfiDks",
          "checksum": "9633b34e69e5226eccc26b5709521836"
        },
        {
          "type": "image",
          "assetId": "ABgtRiJ3h7Wm",
          "checksum": "b7d2a26781813bf5637375ffede07cea"
        },
        {
          "type": "image",
          "assetId": "yzaSpx5Bog3l",
          "checksum": "3a20d56d54f12464b95bef553089dfff"
        },
        {
          "type": "image",
          "assetId": "CVgXijA9-O3y",
          "checksum": "48e6143e5f72eaa46701495eedcc9674"
        },
        {
          "type": "image",
          "assetId": "cxxLWNuzMVNt",
          "checksum": "c6c9eecd58f29f308ddd50759e01cb5d"
        },
        {
          "type": "image",
          "assetId": "hYNQHXHdOTZI",
          "checksum": "d9f7d31d296dbe77b7642ffae9cc6a0a"
        },
        {
          "type": "image",
          "assetId": "ovdgreguzREi",
          "checksum": "be94169f25135dd7074c32532d8e35f5"
        },
        {
          "type": "image",
          "assetId": "PV66Ukp8VraC",
          "checksum": "3f83bd88656c488d0548b802d4a6726f"
        },
        {
          "type": "image",
          "assetId": "Eg0i9aJHBSU5",
          "checksum": "63e1c5384ad5160681e0a5497366cdf2"
        },
        {
          "type": "image",
          "assetId": "6WOzgQ_UgjEt",
          "checksum": "30b130acf765a32881479192ef2b8d98"
        },
        {
          "type": "image",
          "assetId": "yZlejuy89BSj",
          "checksum": "22f29902741e4b0c67a0e847640a6d34"
        },
        {
          "type": "image",
          "assetId": "iQmdLuw7u-hd",
          "checksum": "0db89ccd0cb27e1b9496cce0777b3976"
        },
        {
          "type": "image",
          "assetId": "AW_ffVQqJqiE",
          "checksum": "88ac160dd8665dc1a31f05b5c3e74b49"
        },
        {
          "type": "image",
          "assetId": "Zf2wIMWmeFeF",
          "checksum": "a5b8690569802e25612e611840cf4901"
        },
        {
          "type": "image",
          "assetId": "8VEFFXeARJRZ",
          "checksum": "857cdd58f6c0d5a2079e467f52561ca2"
        }
      ],
      "codegenVersion": "0.0.1"
    }
  ],
  "cliVersion": "0.1.323"
}
